
Microsoft Visual Studio Solution File, Format Version 12.00
Project("{FAE04EC0-301F-11D3-BF4B-00C04F79EFBC}") = "DotnetWebApp", "DotnetWebApp.csproj", "{66D21FA3-C94E-4201-A16F-0F62BCEE0704}"
EndProject
Global
	GlobalSection(SolutionConfigurationPlatforms) = preSolution
		Debug|Any CPU = Debug|Any CPU
		Release|Any CPU = Release|Any CPU
	EndGlobalSection
	GlobalSection(ProjectConfigurationPlatforms) = postSolution
		{66D21FA3-C94E-4201-A16F-0F62BCEE0704}.Debug|Any CPU.ActiveCfg = Debug|Any CPU
		{66D21FA3-C94E-4201-A16F-0F62BCEE0704}.Debug|Any CPU.Build.0 = Debug|Any CPU
		{66D21FA3-C94E-4201-A16F-0F62BCEE0704}.Release|Any CPU.ActiveCfg = Release|Any CPU
		{66D21FA3-C94E-4201-A16F-0F62BCEE0704}.Release|Any CPU.Build.0 = Release|Any CPU
	EndGlobalSection
EndGlobal
